{
  "lockfileVersion": 1,
  "configVersion": 1,
  "workspaces": {
    "": {
      "name": "upload-service",
      "dependencies": {
        "@prisma/client": "^6.11.1",
        "formidable": "^3.5.2",
        "jose": "^6.2.3",
      },
    },
  },
  "packages": {
    "@noble/hashes": ["@noble/hashes@1.8.0", "", {}, "sha512-jCs9ldd7NwzpgXDIf6P3+NrHh9/sD6CQdxHyjQI+h/6rDNo88ypBxxz45UDuZHz9r3tNz7N/VInSVoVdtXEI4A=="],

    "@paralleldrive/cuid2": ["@paralleldrive/cuid2@2.3.1", "", { "dependencies": { "@noble/hashes": "^1.1.5" } }, "sha512-XO7cAxhnTZl0Yggq6jOgjiOHhbgcO4NqFqwSmQpjK3b6TEE6Uj/jfSk6wzYyemh3+I0sHirKSetjQwn5cZktFw=="],

    "@prisma/client": ["@prisma/client@6.19.3", "", { "peerDependencies": { "prisma": "*", "typescript": ">=5.1.0" }, "optionalPeers": ["prisma", "typescript"] }, "sha512-mKq3jQFhjvko5LTJFHGilsuQs+W+T3Gm451NzuTDGQxwCzwXHYnIu2zGkRoW+Exq3Rob7yp2MfzSrdIiZVhrBg=="],

    "asap": ["asap@2.0.6", "", {}, "sha512-BSHWgDSAiKs50o2Re8ppvp3seVHXSRM44cdSsT9FfNEUUZLOGWVCsiWaRPWM1Znn+mqZ1OfVZ3z3DWEzSp7hRA=="],

    "dezalgo": ["dezalgo@1.0.4", "", { "dependencies": { "asap": "^2.0.0", "wrappy": "1" } }, "sha512-rXSP0bf+5n0Qonsb+SVVfNfIsimO4HEtmnIpPHY8Q1UCzKlQrDMfdobr8nJOOsRgWCyMRqeSBQzmWUMq7zvVig=="],

    "formidable": ["formidable@3.5.4", "", { "dependencies": { "@paralleldrive/cuid2": "^2.2.2", "dezalgo": "^1.0.4", "once": "^1.4.0" } }, "sha512-YikH+7CUTOtP44ZTnUhR7Ic2UASBPOqmaRkRKxRbywPTe5VxF7RRCck4af9wutiZ/QKM5nME9Bie2fFaPz5Gug=="],

    "jose": ["jose@6.2.3", "", {}, "sha512-YYVDInQKFJfR/xa3ojUTl8c2KoTwiL1R5Wg9YCydwH0x0B9grbzlg5HC7mMjCtUJjbQ/YnGEZIhI5tCgfTb4Hw=="],

    "once": ["once@1.4.0", "", { "dependencies": { "wrappy": "1" } }, "sha512-lNaJgI+2Q5URQBkccEKHTQOPaXdUxnZZElQTZY0MFUAuaEqe1E+Nyvgdz/aIyNi6Z9MzO5dv1H8n58/GELp3+w=="],

    "wrappy": ["wrappy@1.0.2", "", {}, "sha512-l4Sp/DRseor9wL6EvV2+TuQn63dMkPjZ/sp9XkghTEbV9KlPS1xUsZ3u7/IQO4wxtcFB4bgpQPRcR3QCvezPcQ=="],
  }
}
